
Microsoft Visual Studio Solution File, Format Version 12.00
# Visual Studio Version 17
VisualStudioVersion = 17.8.34525.116
MinimumVisualStudioVersion = 10.0.40219.1
Project("{9A19103F-16F7-4668-BE54-9A1E7A4F7556}") = "SupermarketWEB", "SupermarketWEB.csproj", "{72E7F220-2604-492E-8A38-C513E02C108C}"
EndProject
Global
	GlobalSection(SolutionConfigurationPlatforms) = preSolution
		Debug|Any CPU = Debug|Any CPU
		Release|Any CPU = Release|Any CPU
	EndGlobalSection
	GlobalSection(ProjectConfigurationPlatforms) = postSolution
		{72E7F220-2604-492E-8A38-C513E02C108C}.Debug|Any CPU.ActiveCfg = Debug|Any CPU
		{72E7F220-2604-492E-8A38-C513E02C108C}.Debug|Any CPU.Build.0 = Debug|Any CPU
		{72E7F220-2604-492E-8A38-C513E02C108C}.Release|Any CPU.ActiveCfg = Release|Any CPU
		{72E7F220-2604-492E-8A38-C513E02C108C}.Release|Any CPU.Build.0 = Release|Any CPU
	EndGlobalSection
	GlobalSection(SolutionProperties) = preSolution
		HideSolutionNode = FALSE
	EndGlobalSection
	GlobalSection(ExtensibilityGlobals) = postSolution
		SolutionGuid = {DAAABD31-D1C5-4043-9729-0F5BFC352E2C}
	EndGlobalSection
EndGlobal
